{
  "version": "3",
  "packages": {
    "specifiers": {
      "jsr:@std/fs@^1.0.2": "jsr:@std/fs@1.0.24",
      "jsr:@std/internal@^1.0.14": "jsr:@std/internal@1.0.14",
      "jsr:@std/path@^1.0.3": "jsr:@std/path@1.1.6",
      "jsr:@std/path@^1.1.5": "jsr:@std/path@1.1.6",
      "npm:clean-css@^5.3.3": "npm:clean-css@5.3.3",
      "npm:markdown-it-anchor@^5.3.0": "npm:markdown-it-anchor@5.3.0_markdown-it@8.4.2",
      "npm:markdown-it-meta@0.0.1": "npm:markdown-it-meta@0.0.1",
      "npm:markdown-it-prism@^2.3.1": "npm:markdown-it-prism@2.3.1",
      "npm:markdown-it@^8.4.2": "npm:markdown-it@8.4.2"
    },
    "jsr": {
      "@std/fs@1.0.17": {
        "integrity": "1c00c632677c1158988ef7a004cb16137f870aafdb8163b9dce86ec652f3952b"
      },
      "@std/fs@1.0.24": {
        "integrity": "f3061b45b81673a2bece689da041df32d174be064c89eb6397fb5718d3fb7877",
        "dependencies": [
          "jsr:@std/internal@^1.0.14",
          "jsr:@std/path@^1.1.5"
        ]
      },
      "@std/internal@1.0.14": {
        "integrity": "291516b3d4c35024d6ffbc0a9df5bf4c64116e05b50012cf846710152d2ffdf7"
      },
      "@std/path@1.1.6": {
        "integrity": "c68485c2a4dfbb5ae3cc74fae4e8c4e5d874cf8a8ed12927917235c758b46cbe",
        "dependencies": [
          "jsr:@std/internal@^1.0.14"
        ]
      }
    },
    "npm": {
      "argparse@1.0.10": {
        "integrity": "sha512-o5Roy6tNG4SL/FOkCAN6RzjiakZS25RLYFrcMttJqbdd8BWrnA+fGz57iN5Pb06pvBGvl5gQ0B48dJlslXvoTg==",
        "dependencies": {
          "sprintf-js": "sprintf-js@1.0.3"
        }
      },
      "clean-css@5.3.3": {
        "integrity": "sha512-D5J+kHaVb/wKSFcyyV75uCn8fiY4sV38XJoe4CUyGQ+mOU/fMVYUdH1hJC+CJQ5uY3EnW27SbJYS4X8BiLrAFg==",
        "dependencies": {
          "source-map": "source-map@0.6.1"
        }
      },
      "entities@1.1.2": {
        "integrity": "sha512-f2LZMYl1Fzu7YSBKg+RoROelpOaNrcGmE9AZubeDfrCEia483oW4MI4VyFd5VNHIgQ/7qm1I0wUHK1eJnn2y2w==",
        "dependencies": {}
      },
      "esprima@4.0.1": {
        "integrity": "sha512-eGuFFw7Upda+g4p+QHvnW0RyTX/SVeJBDM/gCtMARO0cLuT2HcEKnTPvhjV6aGeqrCB/sbNop0Kszm0jsaWU4A==",
        "dependencies": {}
      },
      "js-yaml@3.14.1": {
        "integrity": "sha512-okMH7OXXJ7YrN9Ok3/SXrnu4iX9yOk+25nqX4imS2npuvTYDmo/QEZoqwZkYaIDk3jVvBOTOIEgEhaLOynBS9g==",
        "dependencies": {
          "argparse": "argparse@1.0.10",
          "esprima": "esprima@4.0.1"
        }
      },
      "linkify-it@2.2.0": {
        "integrity": "sha512-GnAl/knGn+i1U/wjBz3akz2stz+HrHLsxMwHQGofCDfPvlf+gDKN58UtfmUquTY4/MXeE2x7k19KQmeoZi94Iw==",
        "dependencies": {
          "uc.micro": "uc.micro@1.0.6"
        }
      },
      "markdown-it-anchor@5.3.0_markdown-it@8.4.2": {
        "integrity": "sha512-/V1MnLL/rgJ3jkMWo84UR+K+jF1cxNG1a+KwqeXqTIJ+jtA8aWSHuigx8lTzauiIjBDbwF3NcWQMotd0Dm39jA==",
        "dependencies": {
          "markdown-it": "markdown-it@8.4.2"
        }
      },
      "markdown-it-meta@0.0.1": {
        "integrity": "sha512-sCQG7mHJM3i4l6MztgzxE8t3aTQB5CSCO0wq8k6CEaqud40eryWXqPesq5AyztbYgwnxJcNIsmFsKDRkrl6Zuw==",
        "dependencies": {
          "js-yaml": "js-yaml@3.14.1"
        }
      },
      "markdown-it-prism@2.3.1": {
        "integrity": "sha512-oZl9fGKBeSd94GhqpCrA2MO2uAWxKVe0swyX/nBqly+/6d870zae9raMgxJg+OEjhyuOrxTn8p1vMP8RkawzHw==",
        "dependencies": {
          "prismjs": "prismjs@1.30.0"
        }
      },
      "markdown-it@8.4.2": {
        "integrity": "sha512-GcRz3AWTqSUphY3vsUqQSFMbgR38a4Lh3GWlHRh/7MRwz8mcu9n2IO7HOh+bXHrR9kOPDl5RNCaEsrneb+xhHQ==",
        "dependencies": {
          "argparse": "argparse@1.0.10",
          "entities": "entities@1.1.2",
          "linkify-it": "linkify-it@2.2.0",
          "mdurl": "mdurl@1.0.1",
          "uc.micro": "uc.micro@1.0.6"
        }
      },
      "mdurl@1.0.1": {
        "integrity": "sha512-/sKlQJCBYVY9Ers9hqzKou4H6V5UWc/M59TH2dvkt+84itfnq7uFOMLpOiOS4ujvHP4etln18fmIxA5R5fll0g==",
        "dependencies": {}
      },
      "prismjs@1.30.0": {
        "integrity": "sha512-DEvV2ZF2r2/63V+tK8hQvrR2ZGn10srHbXviTlcv7Kpzw8jWiNTqbVgjO3IY8RxrrOUF8VPMQQFysYYYv0YZxw==",
        "dependencies": {}
      },
      "source-map@0.6.1": {
        "integrity": "sha512-UjgapumWlbMhkBgzT7Ykc5YXUT46F0iKu8SGXq0bcwP5dz/h0Plj6enJqjz1Zbq2l5WaqYnrVbwWOWMyF3F47g==",
        "dependencies": {}
      },
      "sprintf-js@1.0.3": {
        "integrity": "sha512-D9cPgkvLlV3t3IzL0D0YLvGA9Ahk4PcvVwUbN0dSGr1aP0Nrt4AEnTUbuGvquEC0mA64Gqt1fzirlRs5ibXx8g==",
        "dependencies": {}
      },
      "uc.micro@1.0.6": {
        "integrity": "sha512-8Y75pvTYkLJW2hWQHXxoqRgV7qb9B+9vFEtidML+7koHUFapnVJAZ6cKs+Qjz5Aw3aZWHMC6u0wJE3At+nSGwA==",
        "dependencies": {}
      }
    }
  },
  "remote": {},
  "workspace": {
    "dependencies": [
      "jsr:@std/fs@^1.0.2",
      "jsr:@std/path@^1.0.3",
      "npm:clean-css@^5.3.3",
      "npm:markdown-it-anchor@^5.3.0",
      "npm:markdown-it-meta@0.0.1",
      "npm:markdown-it-prism@^2.3.1",
      "npm:markdown-it@^8.4.2"
    ]
  }
}
